
Microsoft Visual Studio Solution File, Format Version 12.00
# Visual Studio 15
VisualStudioVersion = 15.0.28010.0
MinimumVisualStudioVersion = 10.0.40219.1
Project("{FAE04EC0-301F-11D3-BF4B-00C04F79EFBC}") = "CTG.Database", "CTG.Database\CTG.Database.csproj", "{19AB8777-E1A8-4AB8-AC98-465733D977FD}"
EndProject
Global
	GlobalSection(SolutionConfigurationPlatforms) = preSolution
		Debug|Any CPU = Debug|Any CPU
		Release|Any CPU = Release|Any CPU
	EndGlobalSection
	GlobalSection(ProjectConfigurationPlatforms) = postSolution
		{19AB8777-E1A8-4AB8-AC98-465733D977FD}.Debug|Any CPU.ActiveCfg = Debug|Any CPU
		{19AB8777-E1A8-4AB8-AC98-465733D977FD}.Debug|Any CPU.Build.0 = Debug|Any CPU
		{19AB8777-E1A8-4AB8-AC98-465733D977FD}.Release|Any CPU.ActiveCfg = Release|Any CPU
		{19AB8777-E1A8-4AB8-AC98-465733D977FD}.Release|Any CPU.Build.0 = Release|Any CPU
	EndGlobalSection
	GlobalSection(SolutionProperties) = preSolution
		HideSolutionNode = FALSE
	EndGlobalSection
	GlobalSection(ExtensibilityGlobals) = postSolution
		SolutionGuid = {B4CF5B1E-3577-4AF7-B1C4-2B6C00B40F8C}
	EndGlobalSection
EndGlobal
